PODS:
  - BlocksKit (1.8.3):
    - libffi
  - ConventionalC (0.10)
  - Kiwi (2.2.3):
    - Kiwi/SenTestingKit
  - Kiwi/ARC (2.2.3)
  - Kiwi/NonARC (2.2.3)
  - Kiwi/SenTestingKit (2.2.3):
    - Kiwi/ARC
    - Kiwi/NonARC
  - libffi (3.0.13)
  - MBProgressHUD (0.8)
  - MKNetworkKit (0.87):
    - Reachability (~> 3.1.0)
  - Reachability (HEAD based on 3.1.1)
  - ReactiveCocoa (2.1.7):
    - ReactiveCocoa/Core
    - ReactiveCocoa/no-arc
  - ReactiveCocoa/Core (2.1.7):
    - ReactiveCocoa/no-arc
  - ReactiveCocoa/no-arc (2.1.7)
  - SSToolkit (1.0.4)

DEPENDENCIES:
  - BlocksKit (~> 1.8.3)
  - ConventionalC (~> 0.10)
  - Kiwi
  - MBProgressHUD (~> 0.8)
  - MKNetworkKit (~> 0.87)
  - Reachability (HEAD)
  - ReactiveCocoa (~> 2.1.3)
  - SSToolkit (~> 1.0.4)

SPEC CHECKSUMS:
  BlocksKit: 27257f9cbbec0ea98c80ba83cc2ea7111ae62eb2
  ConventionalC: 7ab566bdc5fef2d07423bcd6dcb5d6251ae80cbe
  Kiwi: 04c51e880831d291748ec702d42c4101f7eb95c9
  libffi: 64ef39353e747bb2b25e1026afd96a157bf9231c
  MBProgressHUD: 2bbc6f470111daf7f3eaa4eb12b8cbf01c4c0622
  MKNetworkKit: f174100f92473012138b6b1c3040266af8d43a14
  Reachability: be4883bb93f31e38266ae3365e5600a317aae735
  ReactiveCocoa: 1117f7968c8667d2ca00b5aa47156fabcb56af75
  SSToolkit: 689acaedac79c2079e492e528a55bcb5db9d98c4

COCOAPODS: 0.28.0
